dependencies:
- name: common
  repository: oci://registry-1.docker.io/bitnamicharts
  version: 2.31.3
- name: ingress-nginx
  repository: https://kubernetes.github.io/ingress-nginx
  version: 4.13.0
- name: aws-load-balancer-controller
  repository: https://aws.github.io/eks-charts
  version: 1.13.3
digest: sha256:995984ab957705a21aa5701aae993e1ccfe806a75cfa7f5d72930dcca4ffa1fe
generated: "2025-07-28T15:16:57.368858832Z"
