dependencies:
- name: common
  repository: oci://registry-1.docker.io/bitnamicharts
  version: 2.31.3
- name: ingress-nginx
  repository: https://kubernetes.github.io/ingress-nginx
  version: 4.12.3
digest: sha256:3cce69c984d3f66eca4f2385023a70f333ba8105a8e00e8019e7e1d77d485130
generated: "2025-07-04T20:49:51.644252517+06:00"
